// !$*UTF8*$!
{
	archiveVersion = 1;
	classes = {
	};
	objectVersion = 46;
	objects = {

/* Begin PBXBuildFile section */
		B35EFA691AD46CFA00071681 /* AppDelegate.swift in Sources */ = {isa = PBXBuildFile; fileRef = B35EFA681AD46CFA00071681 /* AppDelegate.swift */; };
		B35EFA6B1AD46CFA00071681 /* MemeEditor.swift in Sources */ = {isa = PBXBuildFile; fileRef = B35EFA6A1AD46CFA00071681 /* MemeEditor.swift */; };
		B35EFA6E1AD46CFA00071681 /* Main.storyboard in Resources */ = {isa = PBXBuildFile; fileRef = B35EFA6C1AD46CFA00071681 /* Main.storyboard */; };
		B35EFA701AD46CFA00071681 /* Images.xcassets in Resources */ = {isa = PBXBuildFile; fileRef = B35EFA6F1AD46CFA00071681 /* Images.xcassets */; };
		B35EFA731AD46CFA00071681 /* LaunchScreen.xib in Resources */ = {isa = PBXBuildFile; fileRef = B35EFA711AD46CFA00071681 /* LaunchScreen.xib */; };
		B35EFA7F1AD46CFA00071681 /* MemeMeTests.swift in Sources */ = {isa = PBXBuildFile; fileRef = B35EFA7E1AD46CFA00071681 /* MemeMeTests.swift */; };
/* End PBXBuildFile section */

/* Begin PBXContainerItemProxy section */
		B35EFA791AD46CFA00071681 /* PBXContainerItemProxy */ = {
			isa = PBXContainerItemProxy;
			containerPortal = B35EFA5B1AD46CFA00071681 /* Project object */;
			proxyType = 1;
			remoteGlobalIDString = B35EFA621AD46CFA00071681;
			remoteInfo = MemeMe;
		};
/* End PBXContainerItemProxy section */

/* Begin PBXFileReference section */
		B35EFA631AD46CFA00071681 /* MemeMe.app */ = {isa = PBXFileReference; explicitFileType = wrapper.application; includeInIndex = 0; path = MemeMe.app; sourceTree = BUILT_PRODUCTS_DIR; };
		B35EFA671AD46CFA00071681 /* Info.plist */ = {isa = PBXFileReference; lastKnownFileType = text.plist.xml; path = Info.plist; sourceTree = "<group>"; };
		B35EFA681AD46CFA00071681 /* AppDelegate.swift */ = {isa = PBXFileReference; lastKnownFileType = sourcecode.swift; path = AppDelegate.swift; sourceTree = "<group>"; };
		B35EFA6A1AD46CFA00071681 /* MemeEditor.swift */ = {isa = PBXFileReference; lastKnownFileType = sourcecode.swift; path = MemeEditor.swift; sourceTree = "<group>"; };
		B35EFA6D1AD46CFA00071681 /* Base */ = {isa = PBXFileReference; lastKnownFileType = file.storyboard; name = Base; path = Base.lproj/Main.storyboard; sourceTree = "<group>"; };
		B35EFA6F1AD46CFA00071681 /* Images.xcassets */ = {isa = PBXFileReference; lastKnownFileType = folder.assetcatalog; path = Images.xcassets; sourceTree = "<group>"; };
		B35EFA721AD46CFA00071681 /* Base */ = {isa = PBXFileReference; lastKnownFileType = file.xib; name = Base; path = Base.lproj/LaunchScreen.xib; sourceTree = "<group>"; };
		B35EFA781AD46CFA00071681 /* MemeMeTests.xctest */ = {isa = PBXFileReference; explicitFileType = wrapper.cfbundle; includeInIndex = 0; path = MemeMeTests.xctest; sourceTree = BUILT_PRODUCTS_DIR; };
		B35EFA7D1AD46CFA00071681 /* Info.plist */ = {isa = PBXFileReference; lastKnownFileType = text.plist.xml; path = Info.plist; sourceTree = "<group>"; };
		B35EFA7E1AD46CFA00071681 /* MemeMeTests.swift */ = {isa = PBXFileReference; lastKnownFileType = sourcecode.swift; path = MemeMeTests.swift; sourceTree = "<group>"; };
/* End PBXFileReference section */

/* Begin PBXFrameworksBuildPhase section */
		B35EFA601AD46CFA00071681 /* Frameworks */ = {
			isa = PBXFrameworksBuildPhase;
			buildActionMask = 2147483647;
			files = (
			);
			runOnlyForDeploymentPostprocessing = 0;
		};
		B35EFA751AD46CFA00071681 /* Frameworks */ = {
			isa = PBXFrameworksBuildPhase;
			buildActionMask = 2147483647;
			files = (
			);
			runOnlyForDeploymentPostprocessing = 0;
		};
/* End PBXFrameworksBuildPhase section */

/* Begin PBXGroup section */
		B35EFA5A1AD46CFA00071681 = {
			isa = PBXGroup;
			children = (
				B35EFA651AD46CFA00071681 /* MemeMe */,
				B35EFA7B1AD46CFA00071681 /* MemeMeTests */,
				B35EFA641AD46CFA00071681 /* Products */,
			);
			sourceTree = "<group>";
		};
		B35EFA641AD46CFA00071681 /* Products */ = {
			isa = PBXGroup;
			children = (
				B35EFA631AD46CFA00071681 /* MemeMe.app */,
				B35EFA781AD46CFA00071681 /* MemeMeTests.xctest */,
			);
			name = Products;
			sourceTree = "<group>";
		};
		B35EFA651AD46CFA00071681 /* MemeMe */ = {
			isa = PBXGroup;
			children = (
				B35EFA681AD46CFA00071681 /* AppDelegate.swift */,
				B35EFA6A1AD46CFA00071681 /* MemeEditor.swift */,
				B35EFA6C1AD46CFA00071681 /* Main.storyboard */,
				B35EFA6F1AD46CFA00071681 /* Images.xcassets */,
				B35EFA711AD46CFA00071681 /* LaunchScreen.xib */,
				B35EFA661AD46CFA00071681 /* Supporting Files */,
			);
			path = MemeMe;
			sourceTree = "<group>";
		};
		B35EFA661AD46CFA00071681 /* Supporting Files */ = {
			isa = PBXGroup;
			children = (
				B35EFA671AD46CFA00071681 /* Info.plist */,
			);
			name = "Supporting Files";
			sourceTree = "<group>";
		};
		B35EFA7B1AD46CFA00071681 /* MemeMeTests */ = {
			isa = PBXGroup;
			children = (
				B35EFA7E1AD46CFA00071681 /* MemeMeTests.swift */,
				B35EFA7C1AD46CFA00071681 /* Supporting Files */,
			);
			path = MemeMeTests;
			sourceTree = "<group>";
		};
		B35EFA7C1AD46CFA00071681 /* Supporting Files */ = {
			isa = PBXGroup;
			children = (
				B35EFA7D1AD46CFA00071681 /* Info.plist */,
			);
			name = "Supporting Files";
			sourceTree = "<group>";
		};
/* End PBXGroup section */

/* Begin PBXNativeTarget section */
		B35EFA621AD46CFA00071681 /* MemeMe */ = {
			isa = PBXNativeTarget;
			buildConfigurationList = B35EFA821AD46CFA00071681 /* Build configuration list for PBXNativeTarget "MemeMe" */;
			buildPhases = (
				B35EFA5F1AD46CFA00071681 /* Sources */,
				B35EFA601AD46CFA00071681 /* Frameworks */,
				B35EFA611AD46CFA00071681 /* Resources */,
			);
			buildRules = (
			);
			dependencies = (
			);
			name = MemeMe;
			productName = MemeMe;
			productReference = B35EFA631AD46CFA00071681 /* MemeMe.app */;
			productType = "com.apple.product-type.application";
		};
		B35EFA771AD46CFA00071681 /* MemeMeTests */ = {
			isa = PBXNativeTarget;
			buildConfigurationList = B35EFA851AD46CFA00071681 /* Build configuration list for PBXNativeTarget "MemeMeTests" */;
			buildPhases = (
				B35EFA741AD46CFA00071681 /* Sources */,
				B35EFA751AD46CFA00071681 /* Frameworks */,
				B35EFA761AD46CFA00071681 /* Resources */,
			);
			buildRules = (
			);
			dependencies = (
				B35EFA7A1AD46CFA00071681 /* PBXTargetDependency */,
			);
			name = MemeMeTests;
			productName = MemeMeTests;
			productReference = B35EFA781AD46CFA00071681 /* MemeMeTests.xctest */;
			productType = "com.apple.product-type.bundle.unit-test";
		};
/* End PBXNativeTarget section */

/* Begin PBXProject section */
		B35EFA5B1AD46CFA00071681 /* Project object */ = {
			isa = PBXProject;
			attributes = {
				LastUpgradeCheck = 0620;
				ORGANIZATIONNAME = "Carlos Lopes Pereira";
				TargetAttributes = {
					B35EFA621AD46CFA00071681 = {
						CreatedOnToolsVersion = 6.2;
					};
					B35EFA771AD46CFA00071681 = {
						CreatedOnToolsVersion = 6.2;
						TestTargetID = B35EFA621AD46CFA00071681;
					};
				};
			};
			buildConfigurationList = B35EFA5E1AD46CFA00071681 /* Build configuration list for PBXProject "MemeMe" */;
			compatibilityVersion = "Xcode 3.2";
			developmentRegion = English;
			hasScannedForEncodings = 0;
			knownRegions = (
				en,
				Base,
			);
			mainGroup = B35EFA5A1AD46CFA00071681;
			productRefGroup = B35EFA641AD46CFA00071681 /* Products */;
			projectDirPath = "";
			projectRoot = "";
			targets = (
				B35EFA621AD46CFA00071681 /* MemeMe */,
				B35EFA771AD46CFA00071681 /* MemeMeTests */,
			);
		};
/* End PBXProject section */

/* Begin PBXResourcesBuildPhase section */
		B35EFA611AD46CFA00071681 /* Resources */ = {
			isa = PBXResourcesBuildPhase;
			buildActionMask = 2147483647;
			files = (
				B35EFA6E1AD46CFA00071681 /* Main.storyboard in Resources */,
				B35EFA731AD46CFA00071681 /* LaunchScreen.xib in Resources */,
				B35EFA701AD46CFA00071681 /* Images.xcassets in Resources */,
			);
			runOnlyForDeploymentPostprocessing = 0;
		};
		B35EFA761AD46CFA00071681 /* Resources */ = {
			isa = PBXResourcesBuildPhase;
			buildActionMask = 2147483647;
			files = (
			);
			runOnlyForDeploymentPostprocessing = 0;
		};
/* End PBXResourcesBuildPhase section */

/* Begin PBXSourcesBuildPhase section */
		B35EFA5F1AD46CFA00071681 /* Sources */ = {
			isa = PBXSourcesBuildPhase;
			buildActionMask = 2147483647;
			files = (
				B35EFA6B1AD46CFA00071681 /* MemeEditor.swift in Sources */,
				B35EFA691AD46CFA00071681 /* AppDelegate.swift in Sources */,
			);
			runOnlyForDeploymentPostprocessing = 0;
		};
		B35EFA741AD46CFA00071681 /* Sources */ = {
			isa = PBXSourcesBuildPhase;
			buildActionMask = 2147483647;
			files = (
				B35EFA7F1AD46CFA00071681 /* MemeMeTests.swift in Sources */,
			);
			runOnlyForDeploymentPostprocessing = 0;
		};
/* End PBXSourcesBuildPhase section */

/* Begin PBXTargetDependency section */
		B35EFA7A1AD46CFA00071681 /* PBXTargetDependency */ = {
			isa = PBXTargetDependency;
			target = B35EFA621AD46CFA00071681 /* MemeMe */;
			targetProxy = B35EFA791AD46CFA00071681 /* PBXContainerItemProxy */;
		};
/* End PBXTargetDependency section */

/* Begin PBXVariantGroup section */
		B35EFA6C1AD46CFA00071681 /* Main.storyboard */ = {
			isa = PBXVariantGroup;
			children = (
				B35EFA6D1AD46CFA00071681 /* Base */,
			);
			name = Main.storyboard;
			sourceTree = "<group>";
		};
		B35EFA711AD46CFA00071681 /* LaunchScreen.xib */ = {
			isa = PBXVariantGroup;
			children = (
				B35EFA721AD46CFA00071681 /* Base */,
			);
			name = LaunchScreen.xib;
			sourceTree = "<group>";
		};
/* End PBXVariantGroup section */

/* Begin XCBuildConfiguration section */
		B35EFA801AD46CFA00071681 /* Debug */ = {
			isa = XCBuildConfiguration;
			buildSettings = {
				ALWAYS_SEARCH_USER_PATHS = NO;
				CLANG_CXX_LANGUAGE_STANDARD = "gnu++0x";
				CLANG_CXX_LIBRARY = "libc++";
				CLANG_ENABLE_MODULES = YES;
				CLANG_ENABLE_OBJC_ARC = YES;
				CLANG_WARN_BOOL_CONVERSION = YES;
				CLANG_WARN_CONSTANT_CONVERSION = YES;
				CLANG_WARN_DIRECT_OBJC_ISA_USAGE = YES_ERROR;
				CLANG_WARN_EMPTY_BODY = YES;
				CLANG_WARN_ENUM_CONVERSION = YES;
				CLANG_WARN_INT_CONVERSION = YES;
				CLANG_WARN_OBJC_ROOT_CLASS = YES_ERROR;
				CLANG_WARN_UNREACHABLE_CODE = YES;
				CLANG_WARN__DUPLICATE_METHOD_MATCH = YES;
				"CODE_SIGN_IDENTITY[sdk=iphoneos*]" = "iPhone Developer";
				COPY_PHASE_STRIP = NO;
				ENABLE_STRICT_OBJC_MSGSEND = YES;
				GCC_C_LANGUAGE_STANDARD = gnu99;
				GCC_DYNAMIC_NO_PIC = NO;
				GCC_OPTIMIZATION_LEVEL = 0;
				GCC_PREPROCESSOR_DEFINITIONS = (
					"DEBUG=1",
					"$(inherited)",
				);
				GCC_SYMBOLS_PRIVATE_EXTERN = NO;
				GCC_WARN_64_TO_32_BIT_CONVERSION = YES;
				GCC_WARN_ABOUT_RETURN_TYPE = YES_ERROR;
				GCC_WARN_UNDECLARED_SELECTOR = YES;
				GCC_WARN_UNINITIALIZED_AUTOS = YES_AGGRESSIVE;
				GCC_WARN_UNUSED_FUNCTION = YES;
				GCC_WARN_UNUSED_VARIABLE = YES;
				IPHONEOS_DEPLOYMENT_TARGET = 8.2;
				MTL_ENABLE_DEBUG_INFO = YES;
				ONLY_ACTIVE_ARCH = YES;
				SDKROOT = iphoneos;
				SWIFT_OPTIMIZATION_LEVEL = "-Onone";
			};
			name = Debug;
		};
		B35EFA811AD46CFA00071681 /* Release */ = {
			isa = XCBuildConfiguration;
			buildSettings = {
				ALWAYS_SEARCH_USER_PATHS = NO;
				CLANG_CXX_LANGUAGE_STANDARD = "gnu++0x";
				CLANG_CXX_LIBRARY = "libc++";
				CLANG_ENABLE_MODULES = YES;
				CLANG_ENABLE_OBJC_ARC = YES;
				CLANG_WARN_BOOL_CONVERSION = YES;
				CLANG_WARN_CONSTANT_CONVERSION = YES;
				CLANG_WARN_DIRECT_OBJC_ISA_USAGE = YES_ERROR;
				CLANG_WARN_EMPTY_BODY = YES;
				CLANG_WARN_ENUM_CONVERSION = YES;
				CLANG_WARN_INT_CONVERSION = YES;
				CLANG_WARN_OBJC_ROOT_CLASS = YES_ERROR;
				CLANG_WARN_UNREACHABLE_CODE = YES;
				CLANG_WARN__DUPLICATE_METHOD_MATCH = YES;
				"CODE_SIGN_IDENTITY[sdk=iphoneos*]" = "iPhone Developer";
				COPY_PHASE_STRIP = NO;
				ENABLE_NS_ASSERTIONS = NO;
				ENABLE_STRICT_OBJC_MSGSEND = YES;
				GCC_C_LANGUAGE_STANDARD = gnu99;
				GCC_WARN_64_TO_32_BIT_CONVERSION = YES;
				GCC_WARN_ABOUT_RETURN_TYPE = YES_ERROR;
				GCC_WARN_UNDECLARED_SELECTOR = YES;
				GCC_WARN_UNINITIALIZED_AUTOS = YES_AGGRESSIVE;
				GCC_WARN_UNUSED_FUNCTION = YES;
				GCC_WARN_UNUSED_VARIABLE = YES;
				IPHONEOS_DEPLOYMENT_TARGET = 8.2;
				MTL_ENABLE_DEBUG_INFO = NO;
				SDKROOT = iphoneos;
				VALIDATE_PRODUCT = YES;
			};
			name = Release;
		};
		B35EFA831AD46CFA00071681 /* Debug */ = {
			isa = XCBuildConfiguration;
			buildSettings = {
				ASSETCATALOG_COMPILER_APPICON_NAME = AppIcon;
				INFOPLIST_FILE = MemeMe/Info.plist;
				LD_RUNPATH_SEARCH_PATHS = "$(inherited) @executable_path/Frameworks";
				PRODUCT_NAME = "$(TARGET_NAME)";
			};
			name = Debug;
		};
		B35EFA841AD46CFA00071681 /* Release */ = {
			isa = XCBuildConfiguration;
			buildSettings = {
				ASSETCATALOG_COMPILER_APPICON_NAME = AppIcon;
				INFOPLIST_FILE = MemeMe/Info.plist;
				LD_RUNPATH_SEARCH_PATHS = "$(inherited) @executable_path/Frameworks";
				PRODUCT_NAME = "$(TARGET_NAME)";
			};
			name = Release;
		};
		B35EFA861AD46CFA00071681 /* Debug */ = {
			isa = XCBuildConfiguration;
			buildSettings = {
				BUNDLE_LOADER = "$(TEST_HOST)";
				FRAMEWORK_SEARCH_PATHS = (
					"$(SDKROOT)/Developer/Library/Frameworks",
					"$(inherited)",
				);
				GCC_PREPROCESSOR_DEFINITIONS = (
					"DEBUG=1",
					"$(inherited)",
				);
				INFOPLIST_FILE = MemeMeTests/Info.plist;
				LD_RUNPATH_SEARCH_PATHS = "$(inherited) @executable_path/Frameworks @loader_path/Frameworks";
				PRODUCT_NAME = "$(TARGET_NAME)";
				TEST_HOST = "$(BUILT_PRODUCTS_DIR)/MemeMe.app/MemeMe";
			};
			name = Debug;
		};
		B35EFA871AD46CFA00071681 /* Release */ = {
			isa = XCBuildConfiguration;
			buildSettings = {
				BUNDLE_LOADER = "$(TEST_HOST)";
				FRAMEWORK_SEARCH_PATHS = (
					"$(SDKROOT)/Developer/Library/Frameworks",
					"$(inherited)",
				);
				INFOPLIST_FILE = MemeMeTests/Info.plist;
				LD_RUNPATH_SEARCH_PATHS = "$(inherited) @executable_path/Frameworks @loader_path/Frameworks";
				PRODUCT_NAME = "$(TARGET_NAME)";
				TEST_HOST = "$(BUILT_PRODUCTS_DIR)/MemeMe.app/MemeMe";
			};
			name = Release;
		};
/* End XCBuildConfiguration section */

/* Begin XCConfigurationList section */
		B35EFA5E1AD46CFA00071681 /* Build configuration list for PBXProject "MemeMe" */ = {
			isa = XCConfigurationList;
			buildConfigurations = (
				B35EFA801AD46CFA00071681 /* Debug */,
				B35EFA811AD46CFA00071681 /* Release */,
			);
			defaultConfigurationIsVisible = 0;
			defaultConfigurationName = Release;
		};
		B35EFA821AD46CFA00071681 /* Build configuration list for PBXNativeTarget "MemeMe" */ = {
			isa = XCConfigurationList;
			buildConfigurations = (
				B35EFA831AD46CFA00071681 /* Debug */,
				B35EFA841AD46CFA00071681 /* Release */,
			);
			defaultConfigurationIsVisible = 0;
		};
		B35EFA851AD46CFA00071681 /* Build configuration list for PBXNativeTarget "MemeMeTests" */ = {
			isa = XCConfigurationList;
			buildConfigurations = (
				B35EFA861AD46CFA00071681 /* Debug */,
				B35EFA871AD46CFA00071681 /* Release */,
			);
			defaultConfigurationIsVisible = 0;
		};
/* End XCConfigurationList section */
	};
	rootObject = B35EFA5B1AD46CFA00071681 /* Project object */;
}
